{
  "name": "@asi-ngtools/lib",
  "version": "6.0.0-rc5",
  "lockfileVersion": 1,
  "requires": true,
  "dependencies": {
    "@types/lodash": {
      "version": "4.14.66",
      "resolved": "https://registry.npmjs.org/@types/lodash/-/lodash-4.14.66.tgz",
      "integrity": "sha512-LpGSiIy5/utq8AT2bSXGnENnS1kCZJ1m84L1yqKst2UehSZe6VWROmiysYg/lLJR6zu2ooeVoQtkUHToA+mEtQ=="
    },
    "lodash": {
      "version": "4.17.4",
      "resolved": "https://registry.npmjs.org/lodash/-/lodash-4.17.4.tgz",
      "integrity": "sha1-eCA6TRwyiuHYbcpkYONptX9AVa4="
    },
    "moment": {
      "version": "2.20.1",
      "resolved": "https://registry.npmjs.org/moment/-/moment-2.20.1.tgz",
      "integrity": "sha512-Yh9y73JRljxW5QxN08Fner68eFLxM5ynNOAw2LbIB1YAGeQzZT8QFSUvkAz609Zf+IHhhaUxqZK8dG3W/+HEvg=="
    }
  }
}
